
Microsoft Visual Studio Solution File, Format Version 12.00
# Visual Studio Version 17
VisualStudioVersion = 17.2.32602.215
MinimumVisualStudioVersion = 10.0.40219.1
Project("{FAE04EC0-301F-11D3-BF4B-00C04F79EFBC}") = "CORS", "CORS.csproj", "{04C90C56-4F9F-4B5E-BD07-DE03D723E444}"
EndProject
Global
	GlobalSection(SolutionConfigurationPlatforms) = preSolution
		Debug|Any CPU = Debug|Any CPU
		Release|Any CPU = Release|Any CPU
	EndGlobalSection
	GlobalSection(ProjectConfigurationPlatforms) = postSolution
		{04C90C56-4F9F-4B5E-BD07-DE03D723E444}.Debug|Any CPU.ActiveCfg = Debug|Any CPU
		{04C90C56-4F9F-4B5E-BD07-DE03D723E444}.Debug|Any CPU.Build.0 = Debug|Any CPU
		{04C90C56-4F9F-4B5E-BD07-DE03D723E444}.Release|Any CPU.ActiveCfg = Release|Any CPU
		{04C90C56-4F9F-4B5E-BD07-DE03D723E444}.Release|Any CPU.Build.0 = Release|Any CPU
	EndGlobalSection
	GlobalSection(SolutionProperties) = preSolution
		HideSolutionNode = FALSE
	EndGlobalSection
	GlobalSection(ExtensibilityGlobals) = postSolution
		SolutionGuid = {0114C5EF-A414-4A45-BFCB-2D89E80C3181}
	EndGlobalSection
EndGlobal
